// !$*UTF8*$!
{
	archiveVersion = 1;
	classes = {
	};
	objectVersion = 50;
	objects = {

/* Begin PBXBuildFile section */
		045D3F6324DB014500F18D76 /* AppDelegate.swift in Sources */ = {isa = PBXBuildFile; fileRef = 045D3F6224DB014500F18D76 /* AppDelegate.swift */; };
		045D3F6524DB014500F18D76 /* SceneDelegate.swift in Sources */ = {isa = PBXBuildFile; fileRef = 045D3F6424DB014500F18D76 /* SceneDelegate.swift */; };
		045D3F6C24DB014700F18D76 /* Assets.xcassets in Resources */ = {isa = PBXBuildFile; fileRef = 045D3F6B24DB014700F18D76 /* Assets.xcassets */; };
		045D3F6F24DB014700F18D76 /* LaunchScreen.storyboard in Resources */ = {isa = PBXBuildFile; fileRef = 045D3F6D24DB014700F18D76 /* LaunchScreen.storyboard */; };
		045D3F7724DB0F4B00F18D76 /* SearchVC.swift in Sources */ = {isa = PBXBuildFile; fileRef = 045D3F7624DB0F4B00F18D76 /* SearchVC.swift */; };
		045D3F7924DB0F6D00F18D76 /* FavoritesListVC.swift in Sources */ = {isa = PBXBuildFile; fileRef = 045D3F7824DB0F6D00F18D76 /* FavoritesListVC.swift */; };
		045D3F7B24DB129200F18D76 /* GFButton.swift in Sources */ = {isa = PBXBuildFile; fileRef = 045D3F7A24DB129200F18D76 /* GFButton.swift */; };
		045D3F7D24DB143400F18D76 /* GFTextField.swift in Sources */ = {isa = PBXBuildFile; fileRef = 045D3F7C24DB143400F18D76 /* GFTextField.swift */; };
		045D3F7F24DB1DF400F18D76 /* FollowerListVC.swift in Sources */ = {isa = PBXBuildFile; fileRef = 045D3F7E24DB1DF400F18D76 /* FollowerListVC.swift */; };
		045D3F8424DB227B00F18D76 /* GFAlertVC.swift in Sources */ = {isa = PBXBuildFile; fileRef = 045D3F8124DB227B00F18D76 /* GFAlertVC.swift */; };
		045D3F8524DB227B00F18D76 /* GFTitleLabel.swift in Sources */ = {isa = PBXBuildFile; fileRef = 045D3F8224DB227B00F18D76 /* GFTitleLabel.swift */; };
		045D3F8624DB227B00F18D76 /* GFBodyLabel.swift in Sources */ = {isa = PBXBuildFile; fileRef = 045D3F8324DB227B00F18D76 /* GFBodyLabel.swift */; };
		045D3F8824DB2BEC00F18D76 /* UIViewController+Ext.swift in Sources */ = {isa = PBXBuildFile; fileRef = 045D3F8724DB2BEC00F18D76 /* UIViewController+Ext.swift */; };
/* End PBXBuildFile section */

/* Begin PBXFileReference section */
		045D3F5F24DB014500F18D76 /* GithubFinder.app */ = {isa = PBXFileReference; explicitFileType = wrapper.application; includeInIndex = 0; path = GithubFinder.app; sourceTree = BUILT_PRODUCTS_DIR; };
		045D3F6224DB014500F18D76 /* AppDelegate.swift */ = {isa = PBXFileReference; lastKnownFileType = sourcecode.swift; path = AppDelegate.swift; sourceTree = "<group>"; };
		045D3F6424DB014500F18D76 /* SceneDelegate.swift */ = {isa = PBXFileReference; lastKnownFileType = sourcecode.swift; path = SceneDelegate.swift; sourceTree = "<group>"; };
		045D3F6B24DB014700F18D76 /* Assets.xcassets */ = {isa = PBXFileReference; lastKnownFileType = folder.assetcatalog; path = Assets.xcassets; sourceTree = "<group>"; };
		045D3F6E24DB014700F18D76 /* Base */ = {isa = PBXFileReference; lastKnownFileType = file.storyboard; name = Base; path = Base.lproj/LaunchScreen.storyboard; sourceTree = "<group>"; };
		045D3F7024DB014700F18D76 /* Info.plist */ = {isa = PBXFileReference; lastKnownFileType = text.plist.xml; path = Info.plist; sourceTree = "<group>"; };
		045D3F7624DB0F4B00F18D76 /* SearchVC.swift */ = {isa = PBXFileReference; lastKnownFileType = sourcecode.swift; path = SearchVC.swift; sourceTree = "<group>"; };
		045D3F7824DB0F6D00F18D76 /* FavoritesListVC.swift */ = {isa = PBXFileReference; lastKnownFileType = sourcecode.swift; path = FavoritesListVC.swift; sourceTree = "<group>"; };
		045D3F7A24DB129200F18D76 /* GFButton.swift */ = {isa = PBXFileReference; lastKnownFileType = sourcecode.swift; path = GFButton.swift; sourceTree = "<group>"; };
		045D3F7C24DB143400F18D76 /* GFTextField.swift */ = {isa = PBXFileReference; lastKnownFileType = sourcecode.swift; path = GFTextField.swift; sourceTree = "<group>"; };
		045D3F7E24DB1DF400F18D76 /* FollowerListVC.swift */ = {isa = PBXFileReference; lastKnownFileType = sourcecode.swift; path = FollowerListVC.swift; sourceTree = "<group>"; };
		045D3F8124DB227B00F18D76 /* GFAlertVC.swift */ = {isa = PBXFileReference; fileEncoding = 4; lastKnownFileType = sourcecode.swift; path = GFAlertVC.swift; sourceTree = "<group>"; };
		045D3F8224DB227B00F18D76 /* GFTitleLabel.swift */ = {isa = PBXFileReference; fileEncoding = 4; lastKnownFileType = sourcecode.swift; path = GFTitleLabel.swift; sourceTree = "<group>"; };
		045D3F8324DB227B00F18D76 /* GFBodyLabel.swift */ = {isa = PBXFileReference; fileEncoding = 4; lastKnownFileType = sourcecode.swift; path = GFBodyLabel.swift; sourceTree = "<group>"; };
		045D3F8724DB2BEC00F18D76 /* UIViewController+Ext.swift */ = {isa = PBXFileReference; lastKnownFileType = sourcecode.swift; path = "UIViewController+Ext.swift"; sourceTree = "<group>"; };
/* End PBXFileReference section */

/* Begin PBXFrameworksBuildPhase section */
		045D3F5C24DB014500F18D76 /* Frameworks */ = {
			isa = PBXFrameworksBuildPhase;
			buildActionMask = 2147483647;
			files = (
			);
			runOnlyForDeploymentPostprocessing = 0;
		};
/* End PBXFrameworksBuildPhase section */

/* Begin PBXGroup section */
		045D3F5624DB014500F18D76 = {
			isa = PBXGroup;
			children = (
				045D3F6124DB014500F18D76 /* GithubFinder */,
				045D3F6024DB014500F18D76 /* Products */,
			);
			sourceTree = "<group>";
		};
		045D3F6024DB014500F18D76 /* Products */ = {
			isa = PBXGroup;
			children = (
				045D3F5F24DB014500F18D76 /* GithubFinder.app */,
			);
			name = Products;
			sourceTree = "<group>";
		};
		045D3F6124DB014500F18D76 /* GithubFinder */ = {
			isa = PBXGroup;
			children = (
				045D3F8024DB225600F18D76 /* CustomViews */,
				045D3F6224DB014500F18D76 /* AppDelegate.swift */,
				045D3F6424DB014500F18D76 /* SceneDelegate.swift */,
				045D3F6B24DB014700F18D76 /* Assets.xcassets */,
				045D3F6D24DB014700F18D76 /* LaunchScreen.storyboard */,
				045D3F7024DB014700F18D76 /* Info.plist */,
				045D3F7624DB0F4B00F18D76 /* SearchVC.swift */,
				045D3F7E24DB1DF400F18D76 /* FollowerListVC.swift */,
				045D3F7824DB0F6D00F18D76 /* FavoritesListVC.swift */,
				045D3F8724DB2BEC00F18D76 /* UIViewController+Ext.swift */,
			);
			path = GithubFinder;
			sourceTree = "<group>";
		};
		045D3F8024DB225600F18D76 /* CustomViews */ = {
			isa = PBXGroup;
			children = (
				045D3F7C24DB143400F18D76 /* GFTextField.swift */,
				045D3F8124DB227B00F18D76 /* GFAlertVC.swift */,
				045D3F8324DB227B00F18D76 /* GFBodyLabel.swift */,
				045D3F8224DB227B00F18D76 /* GFTitleLabel.swift */,
				045D3F7A24DB129200F18D76 /* GFButton.swift */,
			);
			path = CustomViews;
			sourceTree = "<group>";
		};
/* End PBXGroup section */

/* Begin PBXNativeTarget section */
		045D3F5E24DB014500F18D76 /* GithubFinder */ = {
			isa = PBXNativeTarget;
			buildConfigurationList = 045D3F7324DB014700F18D76 /* Build configuration list for PBXNativeTarget "GithubFinder" */;
			buildPhases = (
				045D3F5B24DB014500F18D76 /* Sources */,
				045D3F5C24DB014500F18D76 /* Frameworks */,
				045D3F5D24DB014500F18D76 /* Resources */,
			);
			buildRules = (
			);
			dependencies = (
			);
			name = GithubFinder;
			productName = GithubFinder;
			productReference = 045D3F5F24DB014500F18D76 /* GithubFinder.app */;
			productType = "com.apple.product-type.application";
		};
/* End PBXNativeTarget section */

/* Begin PBXProject section */
		045D3F5724DB014500F18D76 /* Project object */ = {
			isa = PBXProject;
			attributes = {
				LastSwiftUpdateCheck = 1200;
				LastUpgradeCheck = 1200;
				TargetAttributes = {
					045D3F5E24DB014500F18D76 = {
						CreatedOnToolsVersion = 12.0;
					};
				};
			};
			buildConfigurationList = 045D3F5A24DB014500F18D76 /* Build configuration list for PBXProject "GithubFinder" */;
			compatibilityVersion = "Xcode 9.3";
			developmentRegion = en;
			hasScannedForEncodings = 0;
			knownRegions = (
				en,
				Base,
			);
			mainGroup = 045D3F5624DB014500F18D76;
			productRefGroup = 045D3F6024DB014500F18D76 /* Products */;
			projectDirPath = "";
			projectRoot = "";
			targets = (
				045D3F5E24DB014500F18D76 /* GithubFinder */,
			);
		};
/* End PBXProject section */

/* Begin PBXResourcesBuildPhase section */
		045D3F5D24DB014500F18D76 /* Resources */ = {
			isa = PBXResourcesBuildPhase;
			buildActionMask = 2147483647;
			files = (
				045D3F6F24DB014700F18D76 /* LaunchScreen.storyboard in Resources */,
				045D3F6C24DB014700F18D76 /* Assets.xcassets in Resources */,
			);
			runOnlyForDeploymentPostprocessing = 0;
		};
/* End PBXResourcesBuildPhase section */

/* Begin PBXSourcesBuildPhase section */
		045D3F5B24DB014500F18D76 /* Sources */ = {
			isa = PBXSourcesBuildPhase;
			buildActionMask = 2147483647;
			files = (
				045D3F8424DB227B00F18D76 /* GFAlertVC.swift in Sources */,
				045D3F7D24DB143400F18D76 /* GFTextField.swift in Sources */,
				045D3F7924DB0F6D00F18D76 /* FavoritesListVC.swift in Sources */,
				045D3F8824DB2BEC00F18D76 /* UIViewController+Ext.swift in Sources */,
				045D3F7B24DB129200F18D76 /* GFButton.swift in Sources */,
				045D3F7724DB0F4B00F18D76 /* SearchVC.swift in Sources */,
				045D3F7F24DB1DF400F18D76 /* FollowerListVC.swift in Sources */,
				045D3F8524DB227B00F18D76 /* GFTitleLabel.swift in Sources */,
				045D3F6324DB014500F18D76 /* AppDelegate.swift in Sources */,
				045D3F6524DB014500F18D76 /* SceneDelegate.swift in Sources */,
				045D3F8624DB227B00F18D76 /* GFBodyLabel.swift in Sources */,
			);
			runOnlyForDeploymentPostprocessing = 0;
		};
/* End PBXSourcesBuildPhase section */

/* Begin PBXVariantGroup section */
		045D3F6D24DB014700F18D76 /* LaunchScreen.storyboard */ = {
			isa = PBXVariantGroup;
			children = (
				045D3F6E24DB014700F18D76 /* Base */,
			);
			name = LaunchScreen.storyboard;
			sourceTree = "<group>";
		};
/* End PBXVariantGroup section */

/* Begin XCBuildConfiguration section */
		045D3F7124DB014700F18D76 /* Debug */ = {
			isa = XCBuildConfiguration;
			buildSettings = {
				ALWAYS_SEARCH_USER_PATHS = NO;
				CLANG_ANALYZER_NONNULL = YES;
				CLANG_ANALYZER_NUMBER_OBJECT_CONVERSION = YES_AGGRESSIVE;
				CLANG_CXX_LANGUAGE_STANDARD = "gnu++14";
				CLANG_CXX_LIBRARY = "libc++";
				CLANG_ENABLE_MODULES = YES;
				CLANG_ENABLE_OBJC_ARC = YES;
				CLANG_ENABLE_OBJC_WEAK = YES;
				CLANG_WARN_BLOCK_CAPTURE_AUTORELEASING = YES;
				CLANG_WARN_BOOL_CONVERSION = YES;
				CLANG_WARN_COMMA = YES;
				CLANG_WARN_CONSTANT_CONVERSION = YES;
				CLANG_WARN_DEPRECATED_OBJC_IMPLEMENTATIONS = YES;
				CLANG_WARN_DIRECT_OBJC_ISA_USAGE = YES_ERROR;
				CLANG_WARN_DOCUMENTATION_COMMENTS = YES;
				CLANG_WARN_EMPTY_BODY = YES;
				CLANG_WARN_ENUM_CONVERSION = YES;
				CLANG_WARN_INFINITE_RECURSION = YES;
				CLANG_WARN_INT_CONVERSION = YES;
				CLANG_WARN_NON_LITERAL_NULL_CONVERSION = YES;
				CLANG_WARN_OBJC_IMPLICIT_RETAIN_SELF = YES;
				CLANG_WARN_OBJC_LITERAL_CONVERSION = YES;
				CLANG_WARN_OBJC_ROOT_CLASS = YES_ERROR;
				CLANG_WARN_QUOTED_INCLUDE_IN_FRAMEWORK_HEADER = YES;
				CLANG_WARN_RANGE_LOOP_ANALYSIS = YES;
				CLANG_WARN_STRICT_PROTOTYPES = YES;
				CLANG_WARN_SUSPICIOUS_MOVE = YES;
				CLANG_WARN_UNGUARDED_AVAILABILITY = YES_AGGRESSIVE;
				CLANG_WARN_UNREACHABLE_CODE = YES;
				CLANG_WARN__DUPLICATE_METHOD_MATCH = YES;
				COPY_PHASE_STRIP = NO;
				DEBUG_INFORMATION_FORMAT = dwarf;
				ENABLE_STRICT_OBJC_MSGSEND = YES;
				ENABLE_TESTABILITY = YES;
				GCC_C_LANGUAGE_STANDARD = gnu11;
				GCC_DYNAMIC_NO_PIC = NO;
				GCC_NO_COMMON_BLOCKS = YES;
				GCC_OPTIMIZATION_LEVEL = 0;
				GCC_PREPROCESSOR_DEFINITIONS = (
					"DEBUG=1",
					"$(inherited)",
				);
				GCC_WARN_64_TO_32_BIT_CONVERSION = YES;
				GCC_WARN_ABOUT_RETURN_TYPE = YES_ERROR;
				GCC_WARN_UNDECLARED_SELECTOR = YES;
				GCC_WARN_UNINITIALIZED_AUTOS = YES_AGGRESSIVE;
				GCC_WARN_UNUSED_FUNCTION = YES;
				GCC_WARN_UNUSED_VARIABLE = YES;
				IPHONEOS_DEPLOYMENT_TARGET = 14.0;
				MTL_ENABLE_DEBUG_INFO = INCLUDE_SOURCE;
				MTL_FAST_MATH = YES;
				ONLY_ACTIVE_ARCH = YES;
				SDKROOT = iphoneos;
				SWIFT_ACTIVE_COMPILATION_CONDITIONS = DEBUG;
				SWIFT_OPTIMIZATION_LEVEL = "-Onone";
			};
			name = Debug;
		};
		045D3F7224DB014700F18D76 /* Release */ = {
			isa = XCBuildConfiguration;
			buildSettings = {
				ALWAYS_SEARCH_USER_PATHS = NO;
				CLANG_ANALYZER_NONNULL = YES;
				CLANG_ANALYZER_NUMBER_OBJECT_CONVERSION = YES_AGGRESSIVE;
				CLANG_CXX_LANGUAGE_STANDARD = "gnu++14";
				CLANG_CXX_LIBRARY = "libc++";
				CLANG_ENABLE_MODULES = YES;
				CLANG_ENABLE_OBJC_ARC = YES;
				CLANG_ENABLE_OBJC_WEAK = YES;
				CLANG_WARN_BLOCK_CAPTURE_AUTORELEASING = YES;
				CLANG_WARN_BOOL_CONVERSION = YES;
				CLANG_WARN_COMMA = YES;
				CLANG_WARN_CONSTANT_CONVERSION = YES;
				CLANG_WARN_DEPRECATED_OBJC_IMPLEMENTATIONS = YES;
				CLANG_WARN_DIRECT_OBJC_ISA_USAGE = YES_ERROR;
				CLANG_WARN_DOCUMENTATION_COMMENTS = YES;
				CLANG_WARN_EMPTY_BODY = YES;
				CLANG_WARN_ENUM_CONVERSION = YES;
				CLANG_WARN_INFINITE_RECURSION = YES;
				CLANG_WARN_INT_CONVERSION = YES;
				CLANG_WARN_NON_LITERAL_NULL_CONVERSION = YES;
				CLANG_WARN_OBJC_IMPLICIT_RETAIN_SELF = YES;
				CLANG_WARN_OBJC_LITERAL_CONVERSION = YES;
				CLANG_WARN_OBJC_ROOT_CLASS = YES_ERROR;
				CLANG_WARN_QUOTED_INCLUDE_IN_FRAMEWORK_HEADER = YES;
				CLANG_WARN_RANGE_LOOP_ANALYSIS = YES;
				CLANG_WARN_STRICT_PROTOTYPES = YES;
				CLANG_WARN_SUSPICIOUS_MOVE = YES;
				CLANG_WARN_UNGUARDED_AVAILABILITY = YES_AGGRESSIVE;
				CLANG_WARN_UNREACHABLE_CODE = YES;
				CLANG_WARN__DUPLICATE_METHOD_MATCH = YES;
				COPY_PHASE_STRIP = NO;
				DEBUG_INFORMATION_FORMAT = "dwarf-with-dsym";
				ENABLE_NS_ASSERTIONS = NO;
				ENABLE_STRICT_OBJC_MSGSEND = YES;
				GCC_C_LANGUAGE_STANDARD = gnu11;
				GCC_NO_COMMON_BLOCKS = YES;
				GCC_WARN_64_TO_32_BIT_CONVERSION = YES;
				GCC_WARN_ABOUT_RETURN_TYPE = YES_ERROR;
				GCC_WARN_UNDECLARED_SELECTOR = YES;
				GCC_WARN_UNINITIALIZED_AUTOS = YES_AGGRESSIVE;
				GCC_WARN_UNUSED_FUNCTION = YES;
				GCC_WARN_UNUSED_VARIABLE = YES;
				IPHONEOS_DEPLOYMENT_TARGET = 14.0;
				MTL_ENABLE_DEBUG_INFO = NO;
				MTL_FAST_MATH = YES;
				SDKROOT = iphoneos;
				SWIFT_COMPILATION_MODE = wholemodule;
				SWIFT_OPTIMIZATION_LEVEL = "-O";
				VALIDATE_PRODUCT = YES;
			};
			name = Release;
		};
		045D3F7424DB014700F18D76 /* Debug */ = {
			isa = XCBuildConfiguration;
			buildSettings = {
				ASSETCATALOG_COMPILER_APPICON_NAME = AppIcon;
				ASSETCATALOG_COMPILER_GLOBAL_ACCENT_COLOR_NAME = AccentColor;
				CODE_SIGN_STYLE = Automatic;
				DEVELOPMENT_TEAM = WQ6NF47M42;
				INFOPLIST_FILE = GithubFinder/Info.plist;
				IPHONEOS_DEPLOYMENT_TARGET = 13.0;
				LD_RUNPATH_SEARCH_PATHS = (
					"$(inherited)",
					"@executable_path/Frameworks",
				);
				PRODUCT_BUNDLE_IDENTIFIER = com.diegoisco.GithubFinder;
				PRODUCT_NAME = "$(TARGET_NAME)";
				SWIFT_VERSION = 5.0;
				TARGETED_DEVICE_FAMILY = "1,2";
			};
			name = Debug;
		};
		045D3F7524DB014700F18D76 /* Release */ = {
			isa = XCBuildConfiguration;
			buildSettings = {
				ASSETCATALOG_COMPILER_APPICON_NAME = AppIcon;
				ASSETCATALOG_COMPILER_GLOBAL_ACCENT_COLOR_NAME = AccentColor;
				CODE_SIGN_STYLE = Automatic;
				DEVELOPMENT_TEAM = WQ6NF47M42;
				INFOPLIST_FILE = GithubFinder/Info.plist;
				IPHONEOS_DEPLOYMENT_TARGET = 13.0;
				LD_RUNPATH_SEARCH_PATHS = (
					"$(inherited)",
					"@executable_path/Frameworks",
				);
				PRODUCT_BUNDLE_IDENTIFIER = com.diegoisco.GithubFinder;
				PRODUCT_NAME = "$(TARGET_NAME)";
				SWIFT_VERSION = 5.0;
				TARGETED_DEVICE_FAMILY = "1,2";
			};
			name = Release;
		};
/* End XCBuildConfiguration section */

/* Begin XCConfigurationList section */
		045D3F5A24DB014500F18D76 /* Build configuration list for PBXProject "GithubFinder" */ = {
			isa = XCConfigurationList;
			buildConfigurations = (
				045D3F7124DB014700F18D76 /* Debug */,
				045D3F7224DB014700F18D76 /* Release */,
			);
			defaultConfigurationIsVisible = 0;
			defaultConfigurationName = Release;
		};
		045D3F7324DB014700F18D76 /* Build configuration list for PBXNativeTarget "GithubFinder" */ = {
			isa = XCConfigurationList;
			buildConfigurations = (
				045D3F7424DB014700F18D76 /* Debug */,
				045D3F7524DB014700F18D76 /* Release */,
			);
			defaultConfigurationIsVisible = 0;
			defaultConfigurationName = Release;
		};
/* End XCConfigurationList section */
	};
	rootObject = 045D3F5724DB014500F18D76 /* Project object */;
}
