// !$*UTF8*$!
{
	archiveVersion = 1;
	classes = {
	};
	objectVersion = 50;
	objects = {

/* Begin PBXBuildFile section */
		045D3F6324DB014500F18D76 /* AppDelegate.swift in Sources */ = {isa = PBXBuildFile; fileRef = 045D3F6224DB014500F18D76 /* AppDelegate.swift */; };
		045D3F6524DB014500F18D76 /* SceneDelegate.swift in Sources */ = {isa = PBXBuildFile; fileRef = 045D3F6424DB014500F18D76 /* SceneDelegate.swift */; };
		045D3F6C24DB014700F18D76 /* Assets.xcassets in Resources */ = {isa = PBXBuildFile; fileRef = 045D3F6B24DB014700F18D76 /* Assets.xcassets */; };
		045D3F6F24DB014700F18D76 /* LaunchScreen.storyboard in Resources */ = {isa = PBXBuildFile; fileRef = 045D3F6D24DB014700F18D76 /* LaunchScreen.storyboard */; };
		045D3F7724DB0F4B00F18D76 /* SearchVC.swift in Sources */ = {isa = PBXBuildFile; fileRef = 045D3F7624DB0F4B00F18D76 /* SearchVC.swift */; };
		045D3F7924DB0F6D00F18D76 /* FavoritesListVC.swift in Sources */ = {isa = PBXBuildFile; fileRef = 045D3F7824DB0F6D00F18D76 /* FavoritesListVC.swift */; };
		045D3F7B24DB129200F18D76 /* GFButton.swift in Sources */ = {isa = PBXBuildFile; fileRef = 045D3F7A24DB129200F18D76 /* GFButton.swift */; };
		045D3F7D24DB143400F18D76 /* GFTextField.swift in Sources */ = {isa = PBXBuildFile; fileRef = 045D3F7C24DB143400F18D76 /* GFTextField.swift */; };
		045D3F7F24DB1DF400F18D76 /* FollowerListVC.swift in Sources */ = {isa = PBXBuildFile; fileRef = 045D3F7E24DB1DF400F18D76 /* FollowerListVC.swift */; };
		045D3F8424DB227B00F18D76 /* GFAlertVC.swift in Sources */ = {isa = PBXBuildFile; fileRef = 045D3F8124DB227B00F18D76 /* GFAlertVC.swift */; };
		045D3F8524DB227B00F18D76 /* GFTitleLabel.swift in Sources */ = {isa = PBXBuildFile; fileRef = 045D3F8224DB227B00F18D76 /* GFTitleLabel.swift */; };
		045D3F8624DB227B00F18D76 /* GFBodyLabel.swift in Sources */ = {isa = PBXBuildFile; fileRef = 045D3F8324DB227B00F18D76 /* GFBodyLabel.swift */; };
		045D3F8824DB2BEC00F18D76 /* UIViewController+Ext.swift in Sources */ = {isa = PBXBuildFile; fileRef = 045D3F8724DB2BEC00F18D76 /* UIViewController+Ext.swift */; };
		045D3F8E24DB7C3A00F18D76 /* Follower.swift in Sources */ = {isa = PBXBuildFile; fileRef = 045D3F8D24DB7C3A00F18D76 /* Follower.swift */; };
		045D3F9024DB80C900F18D76 /* User.swift in Sources */ = {isa = PBXBuildFile; fileRef = 045D3F8F24DB80C900F18D76 /* User.swift */; };
		045D3F9324DB844700F18D76 /* NetworkManager.swift in Sources */ = {isa = PBXBuildFile; fileRef = 045D3F9224DB844700F18D76 /* NetworkManager.swift */; };
		045D3F9624DBA87B00F18D76 /* ErrorMessage.swift in Sources */ = {isa = PBXBuildFile; fileRef = 045D3F9524DBA87B00F18D76 /* ErrorMessage.swift */; };
		045D3F9924DBB65200F18D76 /* FollowerCell.swift in Sources */ = {isa = PBXBuildFile; fileRef = 045D3F9824DBB65200F18D76 /* FollowerCell.swift */; };
		045D3F9B24DBB6AF00F18D76 /* GFAvatarImageView.swift in Sources */ = {isa = PBXBuildFile; fileRef = 045D3F9A24DBB6AF00F18D76 /* GFAvatarImageView.swift */; };
		046C70E624E050F7006A5841 /* FavoriteCell.swift in Sources */ = {isa = PBXBuildFile; fileRef = 046C70E524E050F7006A5841 /* FavoriteCell.swift */; };
		048F3A9724DF0BE10094DB55 /* PersistanceManager.swift in Sources */ = {isa = PBXBuildFile; fileRef = 048F3A9624DF0BE10094DB55 /* PersistanceManager.swift */; };
		04F2D8C224DC6C83005F5176 /* UIHelper.swift in Sources */ = {isa = PBXBuildFile; fileRef = 04F2D8C124DC6C83005F5176 /* UIHelper.swift */; };
		04F2D8CA24DCCF3B005F5176 /* GFEmptyStateView.swift in Sources */ = {isa = PBXBuildFile; fileRef = 04F2D8C924DCCF3B005F5176 /* GFEmptyStateView.swift */; };
		04F2D8CC24DD02B0005F5176 /* UserInfoVC.swift in Sources */ = {isa = PBXBuildFile; fileRef = 04F2D8CB24DD02B0005F5176 /* UserInfoVC.swift */; };
		04F2D8CE24DDC0E2005F5176 /* GFSecondaryTitleLabel.swift in Sources */ = {isa = PBXBuildFile; fileRef = 04F2D8CD24DDC0E2005F5176 /* GFSecondaryTitleLabel.swift */; };
		04F2D8D024DDCABD005F5176 /* GFUserInfoHeaderVC.swift in Sources */ = {isa = PBXBuildFile; fileRef = 04F2D8CF24DDCABD005F5176 /* GFUserInfoHeaderVC.swift */; };
		04F2D8D224DDCC58005F5176 /* Constants.swift in Sources */ = {isa = PBXBuildFile; fileRef = 04F2D8D124DDCC58005F5176 /* Constants.swift */; };
		04F2D8D424DE43F0005F5176 /* GFItemInfoView.swift in Sources */ = {isa = PBXBuildFile; fileRef = 04F2D8D324DE43F0005F5176 /* GFItemInfoView.swift */; };
		04F2D8D624DE46E7005F5176 /* GFItemInfoVC.swift in Sources */ = {isa = PBXBuildFile; fileRef = 04F2D8D524DE46E7005F5176 /* GFItemInfoVC.swift */; };
		04F2D8D824DE4DF3005F5176 /* GFRepoItemVC.swift in Sources */ = {isa = PBXBuildFile; fileRef = 04F2D8D724DE4DF3005F5176 /* GFRepoItemVC.swift */; };
		04F2D8DA24DE53A2005F5176 /* GFFollowerItemVC.swift in Sources */ = {isa = PBXBuildFile; fileRef = 04F2D8D924DE53A2005F5176 /* GFFollowerItemVC.swift */; };
		04F2D8DD24DE5893005F5176 /* Date+Ext.swift in Sources */ = {isa = PBXBuildFile; fileRef = 04F2D8DC24DE5893005F5176 /* Date+Ext.swift */; };
		04F2D8DF24DE58BA005F5176 /* String+Ext.swift in Sources */ = {isa = PBXBuildFile; fileRef = 04F2D8DE24DE58BA005F5176 /* String+Ext.swift */; };
/* End PBXBuildFile section */

/* Begin PBXFileReference section */
		045D3F5F24DB014500F18D76 /* GithubFinder.app */ = {isa = PBXFileReference; explicitFileType = wrapper.application; includeInIndex = 0; path = GithubFinder.app; sourceTree = BUILT_PRODUCTS_DIR; };
		045D3F6224DB014500F18D76 /* AppDelegate.swift */ = {isa = PBXFileReference; lastKnownFileType = sourcecode.swift; path = AppDelegate.swift; sourceTree = "<group>"; };
		045D3F6424DB014500F18D76 /* SceneDelegate.swift */ = {isa = PBXFileReference; lastKnownFileType = sourcecode.swift; path = SceneDelegate.swift; sourceTree = "<group>"; };
		045D3F6B24DB014700F18D76 /* Assets.xcassets */ = {isa = PBXFileReference; lastKnownFileType = folder.assetcatalog; path = Assets.xcassets; sourceTree = "<group>"; };
		045D3F6E24DB014700F18D76 /* Base */ = {isa = PBXFileReference; lastKnownFileType = file.storyboard; name = Base; path = Base.lproj/LaunchScreen.storyboard; sourceTree = "<group>"; };
		045D3F7024DB014700F18D76 /* Info.plist */ = {isa = PBXFileReference; lastKnownFileType = text.plist.xml; path = Info.plist; sourceTree = "<group>"; };
		045D3F7624DB0F4B00F18D76 /* SearchVC.swift */ = {isa = PBXFileReference; lastKnownFileType = sourcecode.swift; path = SearchVC.swift; sourceTree = "<group>"; };
		045D3F7824DB0F6D00F18D76 /* FavoritesListVC.swift */ = {isa = PBXFileReference; lastKnownFileType = sourcecode.swift; path = FavoritesListVC.swift; sourceTree = "<group>"; };
		045D3F7A24DB129200F18D76 /* GFButton.swift */ = {isa = PBXFileReference; lastKnownFileType = sourcecode.swift; path = GFButton.swift; sourceTree = "<group>"; };
		045D3F7C24DB143400F18D76 /* GFTextField.swift */ = {isa = PBXFileReference; lastKnownFileType = sourcecode.swift; path = GFTextField.swift; sourceTree = "<group>"; };
		045D3F7E24DB1DF400F18D76 /* FollowerListVC.swift */ = {isa = PBXFileReference; lastKnownFileType = sourcecode.swift; path = FollowerListVC.swift; sourceTree = "<group>"; };
		045D3F8124DB227B00F18D76 /* GFAlertVC.swift */ = {isa = PBXFileReference; fileEncoding = 4; lastKnownFileType = sourcecode.swift; path = GFAlertVC.swift; sourceTree = "<group>"; };
		045D3F8224DB227B00F18D76 /* GFTitleLabel.swift */ = {isa = PBXFileReference; fileEncoding = 4; lastKnownFileType = sourcecode.swift; path = GFTitleLabel.swift; sourceTree = "<group>"; };
		045D3F8324DB227B00F18D76 /* GFBodyLabel.swift */ = {isa = PBXFileReference; fileEncoding = 4; lastKnownFileType = sourcecode.swift; path = GFBodyLabel.swift; sourceTree = "<group>"; };
		045D3F8724DB2BEC00F18D76 /* UIViewController+Ext.swift */ = {isa = PBXFileReference; lastKnownFileType = sourcecode.swift; path = "UIViewController+Ext.swift"; sourceTree = "<group>"; };
		045D3F8D24DB7C3A00F18D76 /* Follower.swift */ = {isa = PBXFileReference; lastKnownFileType = sourcecode.swift; path = Follower.swift; sourceTree = "<group>"; };
		045D3F8F24DB80C900F18D76 /* User.swift */ = {isa = PBXFileReference; lastKnownFileType = sourcecode.swift; path = User.swift; sourceTree = "<group>"; };
		045D3F9224DB844700F18D76 /* NetworkManager.swift */ = {isa = PBXFileReference; lastKnownFileType = sourcecode.swift; path = NetworkManager.swift; sourceTree = "<group>"; };
		045D3F9524DBA87B00F18D76 /* ErrorMessage.swift */ = {isa = PBXFileReference; lastKnownFileType = sourcecode.swift; path = ErrorMessage.swift; sourceTree = "<group>"; };
		045D3F9824DBB65200F18D76 /* FollowerCell.swift */ = {isa = PBXFileReference; lastKnownFileType = sourcecode.swift; path = FollowerCell.swift; sourceTree = "<group>"; };
		045D3F9A24DBB6AF00F18D76 /* GFAvatarImageView.swift */ = {isa = PBXFileReference; lastKnownFileType = sourcecode.swift; path = GFAvatarImageView.swift; sourceTree = "<group>"; };
		046C70E524E050F7006A5841 /* FavoriteCell.swift */ = {isa = PBXFileReference; lastKnownFileType = sourcecode.swift; path = FavoriteCell.swift; sourceTree = "<group>"; };
		048F3A9624DF0BE10094DB55 /* PersistanceManager.swift */ = {isa = PBXFileReference; lastKnownFileType = sourcecode.swift; path = PersistanceManager.swift; sourceTree = "<group>"; };
		04F2D8C124DC6C83005F5176 /* UIHelper.swift */ = {isa = PBXFileReference; lastKnownFileType = sourcecode.swift; path = UIHelper.swift; sourceTree = "<group>"; };
		04F2D8C924DCCF3B005F5176 /* GFEmptyStateView.swift */ = {isa = PBXFileReference; lastKnownFileType = sourcecode.swift; path = GFEmptyStateView.swift; sourceTree = "<group>"; };
		04F2D8CB24DD02B0005F5176 /* UserInfoVC.swift */ = {isa = PBXFileReference; lastKnownFileType = sourcecode.swift; path = UserInfoVC.swift; sourceTree = "<group>"; };
		04F2D8CD24DDC0E2005F5176 /* GFSecondaryTitleLabel.swift */ = {isa = PBXFileReference; lastKnownFileType = sourcecode.swift; path = GFSecondaryTitleLabel.swift; sourceTree = "<group>"; };
		04F2D8CF24DDCABD005F5176 /* GFUserInfoHeaderVC.swift */ = {isa = PBXFileReference; lastKnownFileType = sourcecode.swift; path = GFUserInfoHeaderVC.swift; sourceTree = "<group>"; };
		04F2D8D124DDCC58005F5176 /* Constants.swift */ = {isa = PBXFileReference; lastKnownFileType = sourcecode.swift; path = Constants.swift; sourceTree = "<group>"; };
		04F2D8D324DE43F0005F5176 /* GFItemInfoView.swift */ = {isa = PBXFileReference; lastKnownFileType = sourcecode.swift; path = GFItemInfoView.swift; sourceTree = "<group>"; };
		04F2D8D524DE46E7005F5176 /* GFItemInfoVC.swift */ = {isa = PBXFileReference; lastKnownFileType = sourcecode.swift; path = GFItemInfoVC.swift; sourceTree = "<group>"; };
		04F2D8D724DE4DF3005F5176 /* GFRepoItemVC.swift */ = {isa = PBXFileReference; lastKnownFileType = sourcecode.swift; path = GFRepoItemVC.swift; sourceTree = "<group>"; };
		04F2D8D924DE53A2005F5176 /* GFFollowerItemVC.swift */ = {isa = PBXFileReference; lastKnownFileType = sourcecode.swift; path = GFFollowerItemVC.swift; sourceTree = "<group>"; };
		04F2D8DC24DE5893005F5176 /* Date+Ext.swift */ = {isa = PBXFileReference; lastKnownFileType = sourcecode.swift; path = "Date+Ext.swift"; sourceTree = "<group>"; };
		04F2D8DE24DE58BA005F5176 /* String+Ext.swift */ = {isa = PBXFileReference; lastKnownFileType = sourcecode.swift; path = "String+Ext.swift"; sourceTree = "<group>"; };
/* End PBXFileReference section */

/* Begin PBXFrameworksBuildPhase section */
		045D3F5C24DB014500F18D76 /* Frameworks */ = {
			isa = PBXFrameworksBuildPhase;
			buildActionMask = 2147483647;
			files = (
			);
			runOnlyForDeploymentPostprocessing = 0;
		};
/* End PBXFrameworksBuildPhase section */

/* Begin PBXGroup section */
		045D3F5624DB014500F18D76 = {
			isa = PBXGroup;
			children = (
				045D3F6124DB014500F18D76 /* GithubFinder */,
				045D3F6024DB014500F18D76 /* Products */,
			);
			sourceTree = "<group>";
		};
		045D3F6024DB014500F18D76 /* Products */ = {
			isa = PBXGroup;
			children = (
				045D3F5F24DB014500F18D76 /* GithubFinder.app */,
			);
			name = Products;
			sourceTree = "<group>";
		};
		045D3F6124DB014500F18D76 /* GithubFinder */ = {
			isa = PBXGroup;
			children = (
				045D3F9424DBA86C00F18D76 /* Utilities */,
				045D3F9124DB843300F18D76 /* Managers */,
				045D3F8C24DB7C2E00F18D76 /* Model */,
				045D3F7024DB014700F18D76 /* Info.plist */,
				045D3F8B24DB2EFA00F18D76 /* Support */,
				045D3F8A24DB2EB600F18D76 /* Extensions */,
				045D3F8924DB2E6F00F18D76 /* Screens */,
				045D3F8024DB225600F18D76 /* CustomViews */,
			);
			path = GithubFinder;
			sourceTree = "<group>";
		};
		045D3F8024DB225600F18D76 /* CustomViews */ = {
			isa = PBXGroup;
			children = (
				04F2D8C824DCCF24005F5176 /* Views */,
				04F2D8C724DCCF14005F5176 /* ViewControllers */,
				04F2D8C624DCCEF9005F5176 /* TextFields */,
				04F2D8C524DCCEED005F5176 /* ImageViews */,
				04F2D8C424DCCEE7005F5176 /* Buttons */,
				04F2D8C324DCCEE1005F5176 /* Labels */,
				045D3F9724DBB63900F18D76 /* Cells */,
			);
			path = CustomViews;
			sourceTree = "<group>";
		};
		045D3F8924DB2E6F00F18D76 /* Screens */ = {
			isa = PBXGroup;
			children = (
				045D3F7E24DB1DF400F18D76 /* FollowerListVC.swift */,
				045D3F7624DB0F4B00F18D76 /* SearchVC.swift */,
				045D3F7824DB0F6D00F18D76 /* FavoritesListVC.swift */,
				04F2D8CB24DD02B0005F5176 /* UserInfoVC.swift */,
			);
			path = Screens;
			sourceTree = "<group>";
		};
		045D3F8A24DB2EB600F18D76 /* Extensions */ = {
			isa = PBXGroup;
			children = (
				045D3F8724DB2BEC00F18D76 /* UIViewController+Ext.swift */,
				04F2D8DC24DE5893005F5176 /* Date+Ext.swift */,
				04F2D8DE24DE58BA005F5176 /* String+Ext.swift */,
			);
			path = Extensions;
			sourceTree = "<group>";
		};
		045D3F8B24DB2EFA00F18D76 /* Support */ = {
			isa = PBXGroup;
			children = (
				045D3F6224DB014500F18D76 /* AppDelegate.swift */,
				045D3F6424DB014500F18D76 /* SceneDelegate.swift */,
				045D3F6B24DB014700F18D76 /* Assets.xcassets */,
				045D3F6D24DB014700F18D76 /* LaunchScreen.storyboard */,
			);
			path = Support;
			sourceTree = "<group>";
		};
		045D3F8C24DB7C2E00F18D76 /* Model */ = {
			isa = PBXGroup;
			children = (
				045D3F8D24DB7C3A00F18D76 /* Follower.swift */,
				045D3F8F24DB80C900F18D76 /* User.swift */,
			);
			path = Model;
			sourceTree = "<group>";
		};
		045D3F9124DB843300F18D76 /* Managers */ = {
			isa = PBXGroup;
			children = (
				045D3F9224DB844700F18D76 /* NetworkManager.swift */,
				048F3A9624DF0BE10094DB55 /* PersistanceManager.swift */,
			);
			path = Managers;
			sourceTree = "<group>";
		};
		045D3F9424DBA86C00F18D76 /* Utilities */ = {
			isa = PBXGroup;
			children = (
				045D3F9524DBA87B00F18D76 /* ErrorMessage.swift */,
				04F2D8C124DC6C83005F5176 /* UIHelper.swift */,
				04F2D8D124DDCC58005F5176 /* Constants.swift */,
			);
			path = Utilities;
			sourceTree = "<group>";
		};
		045D3F9724DBB63900F18D76 /* Cells */ = {
			isa = PBXGroup;
			children = (
				045D3F9824DBB65200F18D76 /* FollowerCell.swift */,
				046C70E524E050F7006A5841 /* FavoriteCell.swift */,
			);
			path = Cells;
			sourceTree = "<group>";
		};
		04F2D8C324DCCEE1005F5176 /* Labels */ = {
			isa = PBXGroup;
			children = (
				045D3F8324DB227B00F18D76 /* GFBodyLabel.swift */,
				045D3F8224DB227B00F18D76 /* GFTitleLabel.swift */,
				04F2D8CD24DDC0E2005F5176 /* GFSecondaryTitleLabel.swift */,
			);
			path = Labels;
			sourceTree = "<group>";
		};
		04F2D8C424DCCEE7005F5176 /* Buttons */ = {
			isa = PBXGroup;
			children = (
				045D3F7A24DB129200F18D76 /* GFButton.swift */,
			);
			path = Buttons;
			sourceTree = "<group>";
		};
		04F2D8C524DCCEED005F5176 /* ImageViews */ = {
			isa = PBXGroup;
			children = (
				045D3F9A24DBB6AF00F18D76 /* GFAvatarImageView.swift */,
			);
			path = ImageViews;
			sourceTree = "<group>";
		};
		04F2D8C624DCCEF9005F5176 /* TextFields */ = {
			isa = PBXGroup;
			children = (
				045D3F7C24DB143400F18D76 /* GFTextField.swift */,
			);
			path = TextFields;
			sourceTree = "<group>";
		};
		04F2D8C724DCCF14005F5176 /* ViewControllers */ = {
			isa = PBXGroup;
			children = (
				04F2D8DB24DE53D8005F5176 /* ItemInfoVCs */,
				045D3F8124DB227B00F18D76 /* GFAlertVC.swift */,
				04F2D8CF24DDCABD005F5176 /* GFUserInfoHeaderVC.swift */,
			);
			path = ViewControllers;
			sourceTree = "<group>";
		};
		04F2D8C824DCCF24005F5176 /* Views */ = {
			isa = PBXGroup;
			children = (
				04F2D8C924DCCF3B005F5176 /* GFEmptyStateView.swift */,
				04F2D8D324DE43F0005F5176 /* GFItemInfoView.swift */,
			);
			path = Views;
			sourceTree = "<group>";
		};
		04F2D8DB24DE53D8005F5176 /* ItemInfoVCs */ = {
			isa = PBXGroup;
			children = (
				04F2D8D524DE46E7005F5176 /* GFItemInfoVC.swift */,
				04F2D8D724DE4DF3005F5176 /* GFRepoItemVC.swift */,
				04F2D8D924DE53A2005F5176 /* GFFollowerItemVC.swift */,
			);
			path = ItemInfoVCs;
			sourceTree = "<group>";
		};
/* End PBXGroup section */

/* Begin PBXNativeTarget section */
		045D3F5E24DB014500F18D76 /* GithubFinder */ = {
			isa = PBXNativeTarget;
			buildConfigurationList = 045D3F7324DB014700F18D76 /* Build configuration list for PBXNativeTarget "GithubFinder" */;
			buildPhases = (
				045D3F5B24DB014500F18D76 /* Sources */,
				045D3F5C24DB014500F18D76 /* Frameworks */,
				045D3F5D24DB014500F18D76 /* Resources */,
			);
			buildRules = (
			);
			dependencies = (
			);
			name = GithubFinder;
			productName = GithubFinder;
			productReference = 045D3F5F24DB014500F18D76 /* GithubFinder.app */;
			productType = "com.apple.product-type.application";
		};
/* End PBXNativeTarget section */

/* Begin PBXProject section */
		045D3F5724DB014500F18D76 /* Project object */ = {
			isa = PBXProject;
			attributes = {
				LastSwiftUpdateCheck = 1200;
				LastUpgradeCheck = 1200;
				TargetAttributes = {
					045D3F5E24DB014500F18D76 = {
						CreatedOnToolsVersion = 12.0;
					};
				};
			};
			buildConfigurationList = 045D3F5A24DB014500F18D76 /* Build configuration list for PBXProject "GithubFinder" */;
			compatibilityVersion = "Xcode 9.3";
			developmentRegion = en;
			hasScannedForEncodings = 0;
			knownRegions = (
				en,
				Base,
			);
			mainGroup = 045D3F5624DB014500F18D76;
			productRefGroup = 045D3F6024DB014500F18D76 /* Products */;
			projectDirPath = "";
			projectRoot = "";
			targets = (
				045D3F5E24DB014500F18D76 /* GithubFinder */,
			);
		};
/* End PBXProject section */

/* Begin PBXResourcesBuildPhase section */
		045D3F5D24DB014500F18D76 /* Resources */ = {
			isa = PBXResourcesBuildPhase;
			buildActionMask = 2147483647;
			files = (
				045D3F6F24DB014700F18D76 /* LaunchScreen.storyboard in Resources */,
				045D3F6C24DB014700F18D76 /* Assets.xcassets in Resources */,
			);
			runOnlyForDeploymentPostprocessing = 0;
		};
/* End PBXResourcesBuildPhase section */

/* Begin PBXSourcesBuildPhase section */
		045D3F5B24DB014500F18D76 /* Sources */ = {
			isa = PBXSourcesBuildPhase;
			buildActionMask = 2147483647;
			files = (
				045D3F9024DB80C900F18D76 /* User.swift in Sources */,
				045D3F8424DB227B00F18D76 /* GFAlertVC.swift in Sources */,
				045D3F7D24DB143400F18D76 /* GFTextField.swift in Sources */,
				04F2D8DF24DE58BA005F5176 /* String+Ext.swift in Sources */,
				04F2D8D024DDCABD005F5176 /* GFUserInfoHeaderVC.swift in Sources */,
				045D3F7924DB0F6D00F18D76 /* FavoritesListVC.swift in Sources */,
				045D3F8824DB2BEC00F18D76 /* UIViewController+Ext.swift in Sources */,
				04F2D8D624DE46E7005F5176 /* GFItemInfoVC.swift in Sources */,
				04F2D8C224DC6C83005F5176 /* UIHelper.swift in Sources */,
				045D3F9B24DBB6AF00F18D76 /* GFAvatarImageView.swift in Sources */,
				04F2D8CE24DDC0E2005F5176 /* GFSecondaryTitleLabel.swift in Sources */,
				045D3F7B24DB129200F18D76 /* GFButton.swift in Sources */,
				04F2D8DA24DE53A2005F5176 /* GFFollowerItemVC.swift in Sources */,
				04F2D8D424DE43F0005F5176 /* GFItemInfoView.swift in Sources */,
				046C70E624E050F7006A5841 /* FavoriteCell.swift in Sources */,
				045D3F7724DB0F4B00F18D76 /* SearchVC.swift in Sources */,
				048F3A9724DF0BE10094DB55 /* PersistanceManager.swift in Sources */,
				045D3F9924DBB65200F18D76 /* FollowerCell.swift in Sources */,
				045D3F9624DBA87B00F18D76 /* ErrorMessage.swift in Sources */,
				045D3F7F24DB1DF400F18D76 /* FollowerListVC.swift in Sources */,
				045D3F8E24DB7C3A00F18D76 /* Follower.swift in Sources */,
				045D3F8524DB227B00F18D76 /* GFTitleLabel.swift in Sources */,
				04F2D8DD24DE5893005F5176 /* Date+Ext.swift in Sources */,
				04F2D8CA24DCCF3B005F5176 /* GFEmptyStateView.swift in Sources */,
				045D3F9324DB844700F18D76 /* NetworkManager.swift in Sources */,
				04F2D8D224DDCC58005F5176 /* Constants.swift in Sources */,
				045D3F6324DB014500F18D76 /* AppDelegate.swift in Sources */,
				045D3F6524DB014500F18D76 /* SceneDelegate.swift in Sources */,
				045D3F8624DB227B00F18D76 /* GFBodyLabel.swift in Sources */,
				04F2D8D824DE4DF3005F5176 /* GFRepoItemVC.swift in Sources */,
				04F2D8CC24DD02B0005F5176 /* UserInfoVC.swift in Sources */,
			);
			runOnlyForDeploymentPostprocessing = 0;
		};
/* End PBXSourcesBuildPhase section */

/* Begin PBXVariantGroup section */
		045D3F6D24DB014700F18D76 /* LaunchScreen.storyboard */ = {
			isa = PBXVariantGroup;
			children = (
				045D3F6E24DB014700F18D76 /* Base */,
			);
			name = LaunchScreen.storyboard;
			sourceTree = "<group>";
		};
/* End PBXVariantGroup section */

/* Begin XCBuildConfiguration section */
		045D3F7124DB014700F18D76 /* Debug */ = {
			isa = XCBuildConfiguration;
			buildSettings = {
				ALWAYS_SEARCH_USER_PATHS = NO;
				CLANG_ANALYZER_NONNULL = YES;
				CLANG_ANALYZER_NUMBER_OBJECT_CONVERSION = YES_AGGRESSIVE;
				CLANG_CXX_LANGUAGE_STANDARD = "gnu++14";
				CLANG_CXX_LIBRARY = "libc++";
				CLANG_ENABLE_MODULES = YES;
				CLANG_ENABLE_OBJC_ARC = YES;
				CLANG_ENABLE_OBJC_WEAK = YES;
				CLANG_WARN_BLOCK_CAPTURE_AUTORELEASING = YES;
				CLANG_WARN_BOOL_CONVERSION = YES;
				CLANG_WARN_COMMA = YES;
				CLANG_WARN_CONSTANT_CONVERSION = YES;
				CLANG_WARN_DEPRECATED_OBJC_IMPLEMENTATIONS = YES;
				CLANG_WARN_DIRECT_OBJC_ISA_USAGE = YES_ERROR;
				CLANG_WARN_DOCUMENTATION_COMMENTS = YES;
				CLANG_WARN_EMPTY_BODY = YES;
				CLANG_WARN_ENUM_CONVERSION = YES;
				CLANG_WARN_INFINITE_RECURSION = YES;
				CLANG_WARN_INT_CONVERSION = YES;
				CLANG_WARN_NON_LITERAL_NULL_CONVERSION = YES;
				CLANG_WARN_OBJC_IMPLICIT_RETAIN_SELF = YES;
				CLANG_WARN_OBJC_LITERAL_CONVERSION = YES;
				CLANG_WARN_OBJC_ROOT_CLASS = YES_ERROR;
				CLANG_WARN_QUOTED_INCLUDE_IN_FRAMEWORK_HEADER = YES;
				CLANG_WARN_RANGE_LOOP_ANALYSIS = YES;
				CLANG_WARN_STRICT_PROTOTYPES = YES;
				CLANG_WARN_SUSPICIOUS_MOVE = YES;
				CLANG_WARN_UNGUARDED_AVAILABILITY = YES_AGGRESSIVE;
				CLANG_WARN_UNREACHABLE_CODE = YES;
				CLANG_WARN__DUPLICATE_METHOD_MATCH = YES;
				COPY_PHASE_STRIP = NO;
				DEBUG_INFORMATION_FORMAT = dwarf;
				ENABLE_STRICT_OBJC_MSGSEND = YES;
				ENABLE_TESTABILITY = YES;
				GCC_C_LANGUAGE_STANDARD = gnu11;
				GCC_DYNAMIC_NO_PIC = NO;
				GCC_NO_COMMON_BLOCKS = YES;
				GCC_OPTIMIZATION_LEVEL = 0;
				GCC_PREPROCESSOR_DEFINITIONS = (
					"DEBUG=1",
					"$(inherited)",
				);
				GCC_WARN_64_TO_32_BIT_CONVERSION = YES;
				GCC_WARN_ABOUT_RETURN_TYPE = YES_ERROR;
				GCC_WARN_UNDECLARED_SELECTOR = YES;
				GCC_WARN_UNINITIALIZED_AUTOS = YES_AGGRESSIVE;
				GCC_WARN_UNUSED_FUNCTION = YES;
				GCC_WARN_UNUSED_VARIABLE = YES;
				IPHONEOS_DEPLOYMENT_TARGET = 14.0;
				MTL_ENABLE_DEBUG_INFO = INCLUDE_SOURCE;
				MTL_FAST_MATH = YES;
				ONLY_ACTIVE_ARCH = YES;
				SDKROOT = iphoneos;
				SWIFT_ACTIVE_COMPILATION_CONDITIONS = DEBUG;
				SWIFT_OPTIMIZATION_LEVEL = "-Onone";
			};
			name = Debug;
		};
		045D3F7224DB014700F18D76 /* Release */ = {
			isa = XCBuildConfiguration;
			buildSettings = {
				ALWAYS_SEARCH_USER_PATHS = NO;
				CLANG_ANALYZER_NONNULL = YES;
				CLANG_ANALYZER_NUMBER_OBJECT_CONVERSION = YES_AGGRESSIVE;
				CLANG_CXX_LANGUAGE_STANDARD = "gnu++14";
				CLANG_CXX_LIBRARY = "libc++";
				CLANG_ENABLE_MODULES = YES;
				CLANG_ENABLE_OBJC_ARC = YES;
				CLANG_ENABLE_OBJC_WEAK = YES;
				CLANG_WARN_BLOCK_CAPTURE_AUTORELEASING = YES;
				CLANG_WARN_BOOL_CONVERSION = YES;
				CLANG_WARN_COMMA = YES;
				CLANG_WARN_CONSTANT_CONVERSION = YES;
				CLANG_WARN_DEPRECATED_OBJC_IMPLEMENTATIONS = YES;
				CLANG_WARN_DIRECT_OBJC_ISA_USAGE = YES_ERROR;
				CLANG_WARN_DOCUMENTATION_COMMENTS = YES;
				CLANG_WARN_EMPTY_BODY = YES;
				CLANG_WARN_ENUM_CONVERSION = YES;
				CLANG_WARN_INFINITE_RECURSION = YES;
				CLANG_WARN_INT_CONVERSION = YES;
				CLANG_WARN_NON_LITERAL_NULL_CONVERSION = YES;
				CLANG_WARN_OBJC_IMPLICIT_RETAIN_SELF = YES;
				CLANG_WARN_OBJC_LITERAL_CONVERSION = YES;
				CLANG_WARN_OBJC_ROOT_CLASS = YES_ERROR;
				CLANG_WARN_QUOTED_INCLUDE_IN_FRAMEWORK_HEADER = YES;
				CLANG_WARN_RANGE_LOOP_ANALYSIS = YES;
				CLANG_WARN_STRICT_PROTOTYPES = YES;
				CLANG_WARN_SUSPICIOUS_MOVE = YES;
				CLANG_WARN_UNGUARDED_AVAILABILITY = YES_AGGRESSIVE;
				CLANG_WARN_UNREACHABLE_CODE = YES;
				CLANG_WARN__DUPLICATE_METHOD_MATCH = YES;
				COPY_PHASE_STRIP = NO;
				DEBUG_INFORMATION_FORMAT = "dwarf-with-dsym";
				ENABLE_NS_ASSERTIONS = NO;
				ENABLE_STRICT_OBJC_MSGSEND = YES;
				GCC_C_LANGUAGE_STANDARD = gnu11;
				GCC_NO_COMMON_BLOCKS = YES;
				GCC_WARN_64_TO_32_BIT_CONVERSION = YES;
				GCC_WARN_ABOUT_RETURN_TYPE = YES_ERROR;
				GCC_WARN_UNDECLARED_SELECTOR = YES;
				GCC_WARN_UNINITIALIZED_AUTOS = YES_AGGRESSIVE;
				GCC_WARN_UNUSED_FUNCTION = YES;
				GCC_WARN_UNUSED_VARIABLE = YES;
				IPHONEOS_DEPLOYMENT_TARGET = 14.0;
				MTL_ENABLE_DEBUG_INFO = NO;
				MTL_FAST_MATH = YES;
				SDKROOT = iphoneos;
				SWIFT_COMPILATION_MODE = wholemodule;
				SWIFT_OPTIMIZATION_LEVEL = "-O";
				VALIDATE_PRODUCT = YES;
			};
			name = Release;
		};
		045D3F7424DB014700F18D76 /* Debug */ = {
			isa = XCBuildConfiguration;
			buildSettings = {
				ASSETCATALOG_COMPILER_APPICON_NAME = AppIcon;
				ASSETCATALOG_COMPILER_GLOBAL_ACCENT_COLOR_NAME = AccentColor;
				CODE_SIGN_STYLE = Automatic;
				DEVELOPMENT_TEAM = WQ6NF47M42;
				INFOPLIST_FILE = GithubFinder/Info.plist;
				IPHONEOS_DEPLOYMENT_TARGET = 13.0;
				LD_RUNPATH_SEARCH_PATHS = (
					"$(inherited)",
					"@executable_path/Frameworks",
				);
				PRODUCT_BUNDLE_IDENTIFIER = com.diegoisco.GithubFinder;
				PRODUCT_NAME = "$(TARGET_NAME)";
				SWIFT_VERSION = 5.0;
				TARGETED_DEVICE_FAMILY = 1;
			};
			name = Debug;
		};
		045D3F7524DB014700F18D76 /* Release */ = {
			isa = XCBuildConfiguration;
			buildSettings = {
				ASSETCATALOG_COMPILER_APPICON_NAME = AppIcon;
				ASSETCATALOG_COMPILER_GLOBAL_ACCENT_COLOR_NAME = AccentColor;
				CODE_SIGN_STYLE = Automatic;
				DEVELOPMENT_TEAM = WQ6NF47M42;
				INFOPLIST_FILE = GithubFinder/Info.plist;
				IPHONEOS_DEPLOYMENT_TARGET = 13.0;
				LD_RUNPATH_SEARCH_PATHS = (
					"$(inherited)",
					"@executable_path/Frameworks",
				);
				PRODUCT_BUNDLE_IDENTIFIER = com.diegoisco.GithubFinder;
				PRODUCT_NAME = "$(TARGET_NAME)";
				SWIFT_VERSION = 5.0;
				TARGETED_DEVICE_FAMILY = 1;
			};
			name = Release;
		};
/* End XCBuildConfiguration section */

/* Begin XCConfigurationList section */
		045D3F5A24DB014500F18D76 /* Build configuration list for PBXProject "GithubFinder" */ = {
			isa = XCConfigurationList;
			buildConfigurations = (
				045D3F7124DB014700F18D76 /* Debug */,
				045D3F7224DB014700F18D76 /* Release */,
			);
			defaultConfigurationIsVisible = 0;
			defaultConfigurationName = Release;
		};
		045D3F7324DB014700F18D76 /* Build configuration list for PBXNativeTarget "GithubFinder" */ = {
			isa = XCConfigurationList;
			buildConfigurations = (
				045D3F7424DB014700F18D76 /* Debug */,
				045D3F7524DB014700F18D76 /* Release */,
			);
			defaultConfigurationIsVisible = 0;
			defaultConfigurationName = Release;
		};
/* End XCConfigurationList section */
	};
	rootObject = 045D3F5724DB014500F18D76 /* Project object */;
}
